
Microsoft Visual Studio Solution File, Format Version 12.00
# Visual Studio 15
VisualStudioVersion = 15.0.28307.271
MinimumVisualStudioVersion = 10.0.40219.1
Project("{FAE04EC0-301F-11D3-BF4B-00C04F79EFBC}") = "ModelTrainer", "ModelTrainer\ModelTrainer.csproj", "{63D962BC-6569-4E5C-BDF5-66CB934D3D29}"
EndProject
Global
	GlobalSection(SolutionConfigurationPlatforms) = preSolution
		Debug|Any CPU = Debug|Any CPU
		Release|Any CPU = Release|Any CPU
	EndGlobalSection
	GlobalSection(ProjectConfigurationPlatforms) = postSolution
		{63D962BC-6569-4E5C-BDF5-66CB934D3D29}.Debug|Any CPU.ActiveCfg = Debug|Any CPU
		{63D962BC-6569-4E5C-BDF5-66CB934D3D29}.Debug|Any CPU.Build.0 = Debug|Any CPU
		{63D962BC-6569-4E5C-BDF5-66CB934D3D29}.Release|Any CPU.ActiveCfg = Release|Any CPU
		{63D962BC-6569-4E5C-BDF5-66CB934D3D29}.Release|Any CPU.Build.0 = Release|Any CPU
	EndGlobalSection
	GlobalSection(SolutionProperties) = preSolution
		HideSolutionNode = FALSE
	EndGlobalSection
	GlobalSection(ExtensibilityGlobals) = postSolution
		SolutionGuid = {E240AB51-7E03-4638-B4EA-4AED647AAEE2}
	EndGlobalSection
EndGlobal
